<Solution>
  <Folder Name="/SolutionItems/">
    <File Path=".editorconfig" />
    <File Path=".gitignore" />
    <File Path="Directory.Build.props" />
    <File Path="Directory.Packages.props" />
  </Folder>
  <Project Path="src/ShipIt.Cli/ShipIt.Cli.csproj" />
  <Project Path="src/ShipIt.Core/ShipIt.Core.csproj" />
</Solution>